
Microsoft Visual Studio Solution File, Format Version 12.00
# Visual Studio 2013
VisualStudioVersion = 12.0.21005.1
MinimumVisualStudioVersion = 10.0.40219.1
Project("{F184B08F-C81C-45F6-A57F-5ABD9991F28F}") = "VissimVBCode_singlefiles_delay_5thFeb2016", "VissimVBCode_5thFeb2016\VissimVBCode_singlefiles_delay_5thFeb2016.vbproj", "{58B1DA07-11E1-498E-A231-8DA3AFD5B449}"
EndProject
Project("{F184B08F-C81C-45F6-A57F-5ABD9991F28F}") = "VissimVBCode_multiplefiles_delay_8thFeb2016", "Project2\VissimVBCode_multiplefiles_delay_8thFeb2016.vbproj", "{CB30D658-F2E0-4DFA-B8F8-B04AEBF8E756}"
EndProject
Project("{F184B08F-C81C-45F6-A57F-5ABD9991F28F}") = "VissimVBCode_multiplefiles_lc", "VissimVBCode_multiplefiles_lc\VissimVBCode_multiplefiles_lc.vbproj", "{D33DD171-0830-4C1B-BCC3-823C2C0303B9}"
EndProject
Project("{F184B08F-C81C-45F6-A57F-5ABD9991F28F}") = "VissimVBCode_singlefile_lc", "VissimVBCode_singlefile_lc\VissimVBCode_singlefile_lc.vbproj", "{E6A7E9EB-64D8-4F95-8279-7A99053DC4F3}"
EndProject
Project("{F184B08F-C81C-45F6-A57F-5ABD9991F28F}") = "SingleRun", "SingleRun\SingleRun.vbproj", "{02607AB0-6B08-44E2-ACA8-546075D57FA8}"
EndProject
Project("{F184B08F-C81C-45F6-A57F-5ABD9991F28F}") = "var_sidestreet_lim", "var_sidestreet_lim\var_sidestreet_lim.vbproj", "{2B8A27EC-E854-4F01-BBAC-EE3966E81D7A}"
EndProject
Project("{F184B08F-C81C-45F6-A57F-5ABD9991F28F}") = "unlimDemand_2600", "unlimDemand_2600\unlimDemand_2600.vbproj", "{E7DF2736-1C68-480C-859F-0180151A9815}"
EndProject
Project("{F184B08F-C81C-45F6-A57F-5ABD9991F28F}") = "SignalHead_19Jun", "ConsoleApplication2\SignalHead_19Jun.vbproj", "{287F9BEA-8D14-4C2E-BDD5-A879F7B6CCE8}"
EndProject
Project("{F184B08F-C81C-45F6-A57F-5ABD9991F28F}") = "Test_LR_20Jun", "ConsoleApplication3\Test_LR_20Jun.vbproj", "{1DFA52E0-E286-4623-8361-E4822306ACD1}"
EndProject
Project("{F184B08F-C81C-45F6-A57F-5ABD9991F28F}") = "leftturnonly_21jun", "ConsoleApplication4\leftturnonly_21jun.vbproj", "{01D39478-9B1C-45DF-9EBF-50E0B8068889}"
EndProject
Project("{F184B08F-C81C-45F6-A57F-5ABD9991F28F}") = "1_left_thru", "ConsoleApplication5\1_left_thru.vbproj", "{3992EF38-50E0-43AD-8C5D-7AFED3A36240}"
EndProject
Project("{F184B08F-C81C-45F6-A57F-5ABD9991F28F}") = "2_left_through", "ConsoleApplication6\2_left_through.vbproj", "{83A15E18-80DC-49AF-94DC-29FF56ECCC64}"
EndProject
Project("{F184B08F-C81C-45F6-A57F-5ABD9991F28F}") = "2_left_through_v2", "ConsoleApplication7\2_left_through_v2.vbproj", "{9F00580B-FFE8-436C-9BAA-FBD7396999BE}"
EndProject
Project("{F184B08F-C81C-45F6-A57F-5ABD9991F28F}") = "5_arterial_v1", "ConsoleApplication8\5_arterial_v1.vbproj", "{CFD22E17-E787-4B36-93D1-EF37EFE14265}"
EndProject
Project("{F184B08F-C81C-45F6-A57F-5ABD9991F28F}") = "singleintersection_2018", "ConsoleApplication9\singleintersection_2018.vbproj", "{890290C0-322D-4763-B09F-94034728404E}"
EndProject
Global
	GlobalSection(SolutionConfigurationPlatforms) = preSolution
		Debug|Any CPU = Debug|Any CPU
		Release|Any CPU = Release|Any CPU
	EndGlobalSection
	GlobalSection(ProjectConfigurationPlatforms) = postSolution
		{58B1DA07-11E1-498E-A231-8DA3AFD5B449}.Debug|Any CPU.ActiveCfg = Debug|Any CPU
		{58B1DA07-11E1-498E-A231-8DA3AFD5B449}.Debug|Any CPU.Build.0 = Debug|Any CPU
		{58B1DA07-11E1-498E-A231-8DA3AFD5B449}.Release|Any CPU.ActiveCfg = Release|Any CPU
		{58B1DA07-11E1-498E-A231-8DA3AFD5B449}.Release|Any CPU.Build.0 = Release|Any CPU
		{CB30D658-F2E0-4DFA-B8F8-B04AEBF8E756}.Debug|Any CPU.ActiveCfg = Debug|Any CPU
		{CB30D658-F2E0-4DFA-B8F8-B04AEBF8E756}.Debug|Any CPU.Build.0 = Debug|Any CPU
		{CB30D658-F2E0-4DFA-B8F8-B04AEBF8E756}.Release|Any CPU.ActiveCfg = Release|Any CPU
		{CB30D658-F2E0-4DFA-B8F8-B04AEBF8E756}.Release|Any CPU.Build.0 = Release|Any CPU
		{D33DD171-0830-4C1B-BCC3-823C2C0303B9}.Debug|Any CPU.ActiveCfg = Debug|Any CPU
		{D33DD171-0830-4C1B-BCC3-823C2C0303B9}.Debug|Any CPU.Build.0 = Debug|Any CPU
		{D33DD171-0830-4C1B-BCC3-823C2C0303B9}.Release|Any CPU.ActiveCfg = Release|Any CPU
		{D33DD171-0830-4C1B-BCC3-823C2C0303B9}.Release|Any CPU.Build.0 = Release|Any CPU
		{E6A7E9EB-64D8-4F95-8279-7A99053DC4F3}.Debug|Any CPU.ActiveCfg = Debug|Any CPU
		{E6A7E9EB-64D8-4F95-8279-7A99053DC4F3}.Debug|Any CPU.Build.0 = Debug|Any CPU
		{E6A7E9EB-64D8-4F95-8279-7A99053DC4F3}.Release|Any CPU.ActiveCfg = Release|Any CPU
		{E6A7E9EB-64D8-4F95-8279-7A99053DC4F3}.Release|Any CPU.Build.0 = Release|Any CPU
		{02607AB0-6B08-44E2-ACA8-546075D57FA8}.Debug|Any CPU.ActiveCfg = Debug|Any CPU
		{02607AB0-6B08-44E2-ACA8-546075D57FA8}.Debug|Any CPU.Build.0 = Debug|Any CPU
		{02607AB0-6B08-44E2-ACA8-546075D57FA8}.Release|Any CPU.ActiveCfg = Release|Any CPU
		{02607AB0-6B08-44E2-ACA8-546075D57FA8}.Release|Any CPU.Build.0 = Release|Any CPU
		{2B8A27EC-E854-4F01-BBAC-EE3966E81D7A}.Debug|Any CPU.ActiveCfg = Debug|Any CPU
		{2B8A27EC-E854-4F01-BBAC-EE3966E81D7A}.Debug|Any CPU.Build.0 = Debug|Any CPU
		{2B8A27EC-E854-4F01-BBAC-EE3966E81D7A}.Release|Any CPU.ActiveCfg = Release|Any CPU
		{2B8A27EC-E854-4F01-BBAC-EE3966E81D7A}.Release|Any CPU.Build.0 = Release|Any CPU
		{E7DF2736-1C68-480C-859F-0180151A9815}.Debug|Any CPU.ActiveCfg = Debug|Any CPU
		{E7DF2736-1C68-480C-859F-0180151A9815}.Debug|Any CPU.Build.0 = Debug|Any CPU
		{E7DF2736-1C68-480C-859F-0180151A9815}.Release|Any CPU.ActiveCfg = Release|Any CPU
		{E7DF2736-1C68-480C-859F-0180151A9815}.Release|Any CPU.Build.0 = Release|Any CPU
		{287F9BEA-8D14-4C2E-BDD5-A879F7B6CCE8}.Debug|Any CPU.ActiveCfg = Debug|Any CPU
		{287F9BEA-8D14-4C2E-BDD5-A879F7B6CCE8}.Debug|Any CPU.Build.0 = Debug|Any CPU
		{287F9BEA-8D14-4C2E-BDD5-A879F7B6CCE8}.Release|Any CPU.ActiveCfg = Release|Any CPU
		{287F9BEA-8D14-4C2E-BDD5-A879F7B6CCE8}.Release|Any CPU.Build.0 = Release|Any CPU
		{1DFA52E0-E286-4623-8361-E4822306ACD1}.Debug|Any CPU.ActiveCfg = Debug|Any CPU
		{1DFA52E0-E286-4623-8361-E4822306ACD1}.Debug|Any CPU.Build.0 = Debug|Any CPU
		{1DFA52E0-E286-4623-8361-E4822306ACD1}.Release|Any CPU.ActiveCfg = Release|Any CPU
		{1DFA52E0-E286-4623-8361-E4822306ACD1}.Release|Any CPU.Build.0 = Release|Any CPU
		{01D39478-9B1C-45DF-9EBF-50E0B8068889}.Debug|Any CPU.ActiveCfg = Debug|Any CPU
		{01D39478-9B1C-45DF-9EBF-50E0B8068889}.Debug|Any CPU.Build.0 = Debug|Any CPU
		{01D39478-9B1C-45DF-9EBF-50E0B8068889}.Release|Any CPU.ActiveCfg = Release|Any CPU
		{01D39478-9B1C-45DF-9EBF-50E0B8068889}.Release|Any CPU.Build.0 = Release|Any CPU
		{3992EF38-50E0-43AD-8C5D-7AFED3A36240}.Debug|Any CPU.ActiveCfg = Debug|Any CPU
		{3992EF38-50E0-43AD-8C5D-7AFED3A36240}.Debug|Any CPU.Build.0 = Debug|Any CPU
		{3992EF38-50E0-43AD-8C5D-7AFED3A36240}.Release|Any CPU.ActiveCfg = Release|Any CPU
		{3992EF38-50E0-43AD-8C5D-7AFED3A36240}.Release|Any CPU.Build.0 = Release|Any CPU
		{83A15E18-80DC-49AF-94DC-29FF56ECCC64}.Debug|Any CPU.ActiveCfg = Debug|Any CPU
		{83A15E18-80DC-49AF-94DC-29FF56ECCC64}.Debug|Any CPU.Build.0 = Debug|Any CPU
		{83A15E18-80DC-49AF-94DC-29FF56ECCC64}.Release|Any CPU.ActiveCfg = Release|Any CPU
		{83A15E18-80DC-49AF-94DC-29FF56ECCC64}.Release|Any CPU.Build.0 = Release|Any CPU
		{9F00580B-FFE8-436C-9BAA-FBD7396999BE}.Debug|Any CPU.ActiveCfg = Debug|Any CPU
		{9F00580B-FFE8-436C-9BAA-FBD7396999BE}.Debug|Any CPU.Build.0 = Debug|Any CPU
		{9F00580B-FFE8-436C-9BAA-FBD7396999BE}.Release|Any CPU.ActiveCfg = Release|Any CPU
		{9F00580B-FFE8-436C-9BAA-FBD7396999BE}.Release|Any CPU.Build.0 = Release|Any CPU
		{CFD22E17-E787-4B36-93D1-EF37EFE14265}.Debug|Any CPU.ActiveCfg = Debug|Any CPU
		{CFD22E17-E787-4B36-93D1-EF37EFE14265}.Debug|Any CPU.Build.0 = Debug|Any CPU
		{CFD22E17-E787-4B36-93D1-EF37EFE14265}.Release|Any CPU.ActiveCfg = Release|Any CPU
		{CFD22E17-E787-4B36-93D1-EF37EFE14265}.Release|Any CPU.Build.0 = Release|Any CPU
		{890290C0-322D-4763-B09F-94034728404E}.Debug|Any CPU.ActiveCfg = Debug|Any CPU
		{890290C0-322D-4763-B09F-94034728404E}.Debug|Any CPU.Build.0 = Debug|Any CPU
		{890290C0-322D-4763-B09F-94034728404E}.Release|Any CPU.ActiveCfg = Release|Any CPU
		{890290C0-322D-4763-B09F-94034728404E}.Release|Any CPU.Build.0 = Release|Any CPU
	EndGlobalSection
	GlobalSection(SolutionProperties) = preSolution
		HideSolutionNode = FALSE
	EndGlobalSection
EndGlobal
